
Microsoft Visual Studio Solution File, Format Version 12.00
# Visual Studio 14
VisualStudioVersion = 14.0.25123.0
MinimumVisualStudioVersion = 10.0.40219.1
Project("{FAE04EC0-301F-11D3-BF4B-00C04F79EFBC}") = "OflineViewer", "OflineViewer\OflineViewer.csproj", "{3E7D7BC9-0E0B-4944-834A-59DF379CE8AA}"
EndProject
Project("{FAE04EC0-301F-11D3-BF4B-00C04F79EFBC}") = "BallotViewer.Web", "BallotViewer.Web\BallotViewer.Web.csproj", "{1890211F-79C2-4F37-9A73-5075E71E29D9}"
EndProject
Global
	GlobalSection(SolutionConfigurationPlatforms) = preSolution
		Debug|Any CPU = Debug|Any CPU
		Debug|x64 = Debug|x64
		Release|Any CPU = Release|Any CPU
		Release|x64 = Release|x64
	EndGlobalSection
	GlobalSection(ProjectConfigurationPlatforms) = postSolution
		{3E7D7BC9-0E0B-4944-834A-59DF379CE8AA}.Debug|Any CPU.ActiveCfg = Debug|Any CPU
		{3E7D7BC9-0E0B-4944-834A-59DF379CE8AA}.Debug|Any CPU.Build.0 = Debug|Any CPU
		{3E7D7BC9-0E0B-4944-834A-59DF379CE8AA}.Debug|x64.ActiveCfg = Debug|x64
		{3E7D7BC9-0E0B-4944-834A-59DF379CE8AA}.Debug|x64.Build.0 = Debug|x64
		{3E7D7BC9-0E0B-4944-834A-59DF379CE8AA}.Release|Any CPU.ActiveCfg = Release|Any CPU
		{3E7D7BC9-0E0B-4944-834A-59DF379CE8AA}.Release|Any CPU.Build.0 = Release|Any CPU
		{3E7D7BC9-0E0B-4944-834A-59DF379CE8AA}.Release|x64.ActiveCfg = Release|x64
		{3E7D7BC9-0E0B-4944-834A-59DF379CE8AA}.Release|x64.Build.0 = Release|x64
		{1890211F-79C2-4F37-9A73-5075E71E29D9}.Debug|Any CPU.ActiveCfg = Debug|Any CPU
		{1890211F-79C2-4F37-9A73-5075E71E29D9}.Debug|Any CPU.Build.0 = Debug|Any CPU
		{1890211F-79C2-4F37-9A73-5075E71E29D9}.Debug|x64.ActiveCfg = Debug|Any CPU
		{1890211F-79C2-4F37-9A73-5075E71E29D9}.Debug|x64.Build.0 = Debug|Any CPU
		{1890211F-79C2-4F37-9A73-5075E71E29D9}.Release|Any CPU.ActiveCfg = Release|Any CPU
		{1890211F-79C2-4F37-9A73-5075E71E29D9}.Release|Any CPU.Build.0 = Release|Any CPU
		{1890211F-79C2-4F37-9A73-5075E71E29D9}.Release|x64.ActiveCfg = Release|Any CPU
		{1890211F-79C2-4F37-9A73-5075E71E29D9}.Release|x64.Build.0 = Release|Any CPU
	EndGlobalSection
	GlobalSection(SolutionProperties) = preSolution
		HideSolutionNode = FALSE
	EndGlobalSection
EndGlobal
